
Microsoft Visual Studio Solution File, Format Version 12.00
# Visual Studio 14
VisualStudioVersion = 14.0.25420.1
MinimumVisualStudioVersion = 10.0.40219.1
Project("{FAE04EC0-301F-11D3-BF4B-00C04F79EFBC}") = "SOFTWARE_TESTING_AND_DEBUGGING_C_SHARP", "SOFTWARE_TESTING_AND_DEBUGGING_C_SHARP\SOFTWARE_TESTING_AND_DEBUGGING_C_SHARP.csproj", "{5EBF3FDD-5CDA-40CD-8076-1ED056584FC0}"
EndProject
Project("{FAE04EC0-301F-11D3-BF4B-00C04F79EFBC}") = "UnitTests", "UnitTests\UnitTests.csproj", "{44962150-E789-45ED-BB8A-1F66C6540809}"
EndProject
Global
	GlobalSection(SolutionConfigurationPlatforms) = preSolution
		Debug|Any CPU = Debug|Any CPU
		Release|Any CPU = Release|Any CPU
	EndGlobalSection
	GlobalSection(ProjectConfigurationPlatforms) = postSolution
		{5EBF3FDD-5CDA-40CD-8076-1ED056584FC0}.Debug|Any CPU.ActiveCfg = Debug|Any CPU
		{5EBF3FDD-5CDA-40CD-8076-1ED056584FC0}.Debug|Any CPU.Build.0 = Debug|Any CPU
		{5EBF3FDD-5CDA-40CD-8076-1ED056584FC0}.Release|Any CPU.ActiveCfg = Release|Any CPU
		{5EBF3FDD-5CDA-40CD-8076-1ED056584FC0}.Release|Any CPU.Build.0 = Release|Any CPU
		{44962150-E789-45ED-BB8A-1F66C6540809}.Debug|Any CPU.ActiveCfg = Debug|Any CPU
		{44962150-E789-45ED-BB8A-1F66C6540809}.Debug|Any CPU.Build.0 = Debug|Any CPU
		{44962150-E789-45ED-BB8A-1F66C6540809}.Release|Any CPU.ActiveCfg = Release|Any CPU
		{44962150-E789-45ED-BB8A-1F66C6540809}.Release|Any CPU.Build.0 = Release|Any CPU
	EndGlobalSection
	GlobalSection(SolutionProperties) = preSolution
		HideSolutionNode = FALSE
	EndGlobalSection
EndGlobal
